{
	"name": "@example/e2e-document-type-crud",
	"version": "1.0.0",
	"lockfileVersion": 3,
	"requires": true,
	"packages": {
		"": {
			"name": "@example/e2e-document-type-crud",
			"version": "1.0.0",
			"dependencies": {
				"@umbraco/json-models-builders": "^18.0.0",
				"tslib": "^2.4.0"
			},
			"devDependencies": {
				"@playwright/test": "^1.49.0",
				"@umbraco-cms/acceptance-test-helpers": "^18.0.1",
				"typescript": "^5.7.2"
			}
		},
		"node_modules/@playwright/test": {
			"version": "1.57.0",
			"resolved": "https://registry.npmjs.org/@playwright/test/-/test-1.57.0.tgz",
			"integrity": "sha512-6TyEnHgd6SArQO8UO2OMTxshln3QMWBtPGrOCgs3wVEmQmwyuNtB10IZMfmYDE0riwNR1cu4q+pPcxMVtaG3TA==",
			"dev": true,
			"license": "Apache-2.0",
			"dependencies": {
				"playwright": "1.57.0"
			},
			"bin": {
				"playwright": "cli.js"
			},
			"engines": {
				"node": ">=18"
			}
		},
		"node_modules/@umbraco-cms/acceptance-test-helpers": {
			"version": "18.0.1",
			"resolved": "https://registry.npmjs.org/@umbraco-cms/acceptance-test-helpers/-/acceptance-test-helpers-18.0.1.tgz",
			"integrity": "sha512-ZZ3ngmes5MIMCCQVG/UVn+hwtY7k/McIjGzZSuE0MRSzPWtMqHTYWIAeFkZQTs4794j0GtnQG+X/gltiFBf3IQ==",
			"dev": true,
			"license": "MIT",
			"dependencies": {
				"tslib": "^2.6.2"
			},
			"peerDependencies": {
				"@playwright/test": ">=1.56"
			}
		},
		"node_modules/@umbraco/json-models-builders": {
			"version": "18.0.2",
			"resolved": "https://registry.npmjs.org/@umbraco/json-models-builders/-/json-models-builders-18.0.2.tgz",
			"integrity": "sha512-D75BSavDQUPBn9iiQEyk/lTe26HGmYRUCx578CbYuK++FSZCcr4cA0OFGzabxc557x+NKbqgCbLqmIQ/CeSXXw==",
			"deprecated": "This package has been deprecated. The helpers have been moved into the Umbraco CMS acceptance test project. Please use @umbraco-cms/acceptance-test-helpers instead. Note: the versioning scheme has changed to follow CMS versions, so you may need to upgrade (e.g. from 2.0.45 to 17.3.3) to get the latest version.",
			"license": "MIT",
			"dependencies": {
				"camelize": "^1.0.1"
			}
		},
		"node_modules/camelize": {
			"version": "1.0.1",
			"resolved": "https://registry.npmjs.org/camelize/-/camelize-1.0.1.tgz",
			"integrity": "sha512-dU+Tx2fsypxTgtLoE36npi3UqcjSSMNYfkqgmoEhtZrraP5VWq0K7FkWVTYa8eMPtnU/G2txVsfdCJTn9uzpuQ==",
			"license": "MIT",
			"funding": {
				"url": "https://github.com/sponsors/ljharb"
			}
		},
		"node_modules/fsevents": {
			"version": "2.3.2",
			"resolved": "https://registry.npmjs.org/fsevents/-/fsevents-2.3.2.tgz",
			"integrity": "sha512-xiqMQR4xAeHTuB9uWm+fFRcIOgKBMiOBP+eXiyT7jsgVCq1bkVygt00oASowB7EdtpOHaaPgKt812P9ab+DDKA==",
			"dev": true,
			"hasInstallScript": true,
			"license": "MIT",
			"optional": true,
			"os": [
				"darwin"
			],
			"engines": {
				"node": "^8.16.0 || ^10.6.0 || >=11.0.0"
			}
		},
		"node_modules/playwright": {
			"version": "1.57.0",
			"resolved": "https://registry.npmjs.org/playwright/-/playwright-1.57.0.tgz",
			"integrity": "sha512-ilYQj1s8sr2ppEJ2YVadYBN0Mb3mdo9J0wQ+UuDhzYqURwSoW4n1Xs5vs7ORwgDGmyEh33tRMeS8KhdkMoLXQw==",
			"dev": true,
			"license": "Apache-2.0",
			"dependencies": {
				"playwright-core": "1.57.0"
			},
			"bin": {
				"playwright": "cli.js"
			},
			"engines": {
				"node": ">=18"
			},
			"optionalDependencies": {
				"fsevents": "2.3.2"
			}
		},
		"node_modules/playwright-core": {
			"version": "1.57.0",
			"resolved": "https://registry.npmjs.org/playwright-core/-/playwright-core-1.57.0.tgz",
			"integrity": "sha512-agTcKlMw/mjBWOnD6kFZttAAGHgi/Nw0CZ2o6JqWSbMlI219lAFLZZCyqByTsvVAJq5XA5H8cA6PrvBRpBWEuQ==",
			"dev": true,
			"license": "Apache-2.0",
			"bin": {
				"playwright-core": "cli.js"
			},
			"engines": {
				"node": ">=18"
			}
		},
		"node_modules/tslib": {
			"version": "2.8.1",
			"resolved": "https://registry.npmjs.org/tslib/-/tslib-2.8.1.tgz",
			"integrity": "sha512-oJFu94HQb+KVduSUQL7wnpmqnfmLsOA/nAh6b6EH0wCEoK0/mPeXU6c3wKDV83MkOuHPRHtSXKKU99IBazS/2w==",
			"license": "0BSD"
		},
		"node_modules/typescript": {
			"version": "5.9.3",
			"resolved": "https://registry.npmjs.org/typescript/-/typescript-5.9.3.tgz",
			"integrity": "sha512-jl1vZzPDinLr9eUt3J/t7V6FgNEw9QjvBPdysz9KfQDD41fQrC2Y4vKQdiaUpFT4bXlb1RHhLpp8wtm6M5TgSw==",
			"dev": true,
			"license": "Apache-2.0",
			"bin": {
				"tsc": "bin/tsc",
				"tsserver": "bin/tsserver"
			},
			"engines": {
				"node": ">=14.17"
			}
		}
	}
}
